
Microsoft Visual Studio Solution File, Format Version 12.00
# Visual Studio Version 17
VisualStudioVersion = 17.2.32616.157
MinimumVisualStudioVersion = 10.0.40219.1
Project("{FAE04EC0-301F-11D3-BF4B-00C04F79EFBC}") = "TestApp", "TestApp.csproj", "{7AE6F403-AEF6-4CF9-8D40-0BE3792E0B3D}"
EndProject
Global
	GlobalSection(SolutionConfigurationPlatforms) = preSolution
		Debug|Any CPU = Debug|Any CPU
		Release|Any CPU = Release|Any CPU
	EndGlobalSection
	GlobalSection(ProjectConfigurationPlatforms) = postSolution
		{7AE6F403-AEF6-4CF9-8D40-0BE3792E0B3D}.Debug|Any CPU.ActiveCfg = Debug|Any CPU
		{7AE6F403-AEF6-4CF9-8D40-0BE3792E0B3D}.Debug|Any CPU.Build.0 = Debug|Any CPU
		{7AE6F403-AEF6-4CF9-8D40-0BE3792E0B3D}.Release|Any CPU.ActiveCfg = Release|Any CPU
		{7AE6F403-AEF6-4CF9-8D40-0BE3792E0B3D}.Release|Any CPU.Build.0 = Release|Any CPU
	EndGlobalSection
	GlobalSection(SolutionProperties) = preSolution
		HideSolutionNode = FALSE
	EndGlobalSection
	GlobalSection(ExtensibilityGlobals) = postSolution
		SolutionGuid = {CE7494A9-6FD3-4BF1-985F-E530CDA99A83}
	EndGlobalSection
EndGlobal
